
Microsoft Visual Studio Solution File, Format Version 12.00
# Visual Studio Version 17
VisualStudioVersion = 17.10.34916.146
MinimumVisualStudioVersion = 10.0.40219.1
Project("{9A19103F-16F7-4668-BE54-9A1E7A4F7556}") = "Animals", "Animals.csproj", "{28B80890-2F1D-4510-934B-0D68EAB17519}"
EndProject
Project("{9A19103F-16F7-4668-BE54-9A1E7A4F7556}") = "AnimalModel", "AnimalModel\AnimalModel.csproj", "{09184B6E-6378-4A61-8957-517D6938E95C}"
EndProject
Project("{2150E333-8FDC-42A3-9474-1A3956D46DE8}") = "Элементы решения", "Элементы решения", "{11165F10-F132-4627-B80A-0924A5551910}"
	ProjectSection(SolutionItems) = preProject
		TODO.txt = TODO.txt
	EndProjectSection
EndProject
Global
	GlobalSection(SolutionConfigurationPlatforms) = preSolution
		Debug|Any CPU = Debug|Any CPU
		Release|Any CPU = Release|Any CPU
	EndGlobalSection
	GlobalSection(ProjectConfigurationPlatforms) = postSolution
		{28B80890-2F1D-4510-934B-0D68EAB17519}.Debug|Any CPU.ActiveCfg = Debug|Any CPU
		{28B80890-2F1D-4510-934B-0D68EAB17519}.Debug|Any CPU.Build.0 = Debug|Any CPU
		{28B80890-2F1D-4510-934B-0D68EAB17519}.Release|Any CPU.ActiveCfg = Release|Any CPU
		{28B80890-2F1D-4510-934B-0D68EAB17519}.Release|Any CPU.Build.0 = Release|Any CPU
		{09184B6E-6378-4A61-8957-517D6938E95C}.Debug|Any CPU.ActiveCfg = Debug|Any CPU
		{09184B6E-6378-4A61-8957-517D6938E95C}.Debug|Any CPU.Build.0 = Debug|Any CPU
		{09184B6E-6378-4A61-8957-517D6938E95C}.Release|Any CPU.ActiveCfg = Release|Any CPU
		{09184B6E-6378-4A61-8957-517D6938E95C}.Release|Any CPU.Build.0 = Release|Any CPU
	EndGlobalSection
	GlobalSection(SolutionProperties) = preSolution
		HideSolutionNode = FALSE
	EndGlobalSection
	GlobalSection(ExtensibilityGlobals) = postSolution
		SolutionGuid = {089BE0BC-7654-4FC6-A155-E16AB747E3CD}
	EndGlobalSection
EndGlobal
